
Microsoft Visual Studio Solution File, Format Version 12.00
# Visual Studio Version 17
VisualStudioVersion = 17.2.32526.322
MinimumVisualStudioVersion = 10.0.40219.1
Project("{FAE04EC0-301F-11D3-BF4B-00C04F79EFBC}") = "SalesWebMvc", "SalesWebMvc\SalesWebMvc.csproj", "{A64776A9-CA2D-4E79-BE45-27DEE853EADD}"
EndProject
Global
	GlobalSection(SolutionConfigurationPlatforms) = preSolution
		Debug|Any CPU = Debug|Any CPU
		Release|Any CPU = Release|Any CPU
	EndGlobalSection
	GlobalSection(ProjectConfigurationPlatforms) = postSolution
		{A64776A9-CA2D-4E79-BE45-27DEE853EADD}.Debug|Any CPU.ActiveCfg = Debug|Any CPU
		{A64776A9-CA2D-4E79-BE45-27DEE853EADD}.Debug|Any CPU.Build.0 = Debug|Any CPU
		{A64776A9-CA2D-4E79-BE45-27DEE853EADD}.Release|Any CPU.ActiveCfg = Release|Any CPU
		{A64776A9-CA2D-4E79-BE45-27DEE853EADD}.Release|Any CPU.Build.0 = Release|Any CPU
	EndGlobalSection
	GlobalSection(SolutionProperties) = preSolution
		HideSolutionNode = FALSE
	EndGlobalSection
	GlobalSection(ExtensibilityGlobals) = postSolution
		SolutionGuid = {56893DBE-EE23-4C8B-B80B-D1C3129A049A}
	EndGlobalSection
EndGlobal
